
Microsoft Visual Studio Solution File, Format Version 12.00
# Visual Studio 14
VisualStudioVersion = 14.0.24720.0
MinimumVisualStudioVersion = 10.0.40219.1
Project("{FAE04EC0-301F-11D3-BF4B-00C04F79EFBC}") = "TripExpense", "TripExpense\TripExpense.csproj", "{727CD865-DEA1-4C09-9BEF-D59AB8F0E7B0}"
EndProject
Project("{2150E333-8FDC-42A3-9474-1A3956D46DE8}") = "Models", "Models", "{EBA7EDF7-5174-4E1B-9213-E2B6EE5919A7}"
	ProjectSection(SolutionItems) = preProject
		Expense.cs = Expense.cs
	EndProjectSection
EndProject
Global
	GlobalSection(SolutionConfigurationPlatforms) = preSolution
		Debug|Any CPU = Debug|Any CPU
		Release|Any CPU = Release|Any CPU
	EndGlobalSection
	GlobalSection(ProjectConfigurationPlatforms) = postSolution
		{727CD865-DEA1-4C09-9BEF-D59AB8F0E7B0}.Debug|Any CPU.ActiveCfg = Debug|Any CPU
		{727CD865-DEA1-4C09-9BEF-D59AB8F0E7B0}.Debug|Any CPU.Build.0 = Debug|Any CPU
		{727CD865-DEA1-4C09-9BEF-D59AB8F0E7B0}.Release|Any CPU.ActiveCfg = Release|Any CPU
		{727CD865-DEA1-4C09-9BEF-D59AB8F0E7B0}.Release|Any CPU.Build.0 = Release|Any CPU
	EndGlobalSection
	GlobalSection(SolutionProperties) = preSolution
		HideSolutionNode = FALSE
	EndGlobalSection
EndGlobal
